
Microsoft Visual Studio Solution File, Format Version 12.00
# Visual Studio Version 17
VisualStudioVersion = 17.0.31903.59
MinimumVisualStudioVersion = 10.0.40219.1
Project("{2150E333-8FDC-42A3-9474-1A3956D46DE8}") = "Design Patterns", "Design Patterns", "{E7845655-514B-4541-B7CD-73F76C83382A}"
	ProjectSection(SolutionItems) = preProject
		Design Pattern.md = Design Pattern.md
	EndProjectSection
EndProject
Project("{2150E333-8FDC-42A3-9474-1A3956D46DE8}") = "Strategy Pattern", "Strategy Pattern", "{60C13972-F0C8-497E-BC14-FF1206D55F9D}"
	ProjectSection(SolutionItems) = preProject
		Strategy Pattern.md = Strategy Pattern.md
	EndProjectSection
EndProject
Project("{9A19103F-16F7-4668-BE54-9A1E7A4F7556}") = "Strategy Pattern", "Strategy Pattern\Strategy Pattern.csproj", "{C1B1CD97-BA54-4A70-9ABD-BF88B1B0C757}"
EndProject
Project("{2150E333-8FDC-42A3-9474-1A3956D46DE8}") = "Observer Pattern", "Observer Pattern", "{B6349092-5558-4587-A84F-68A44AAF0327}"
	ProjectSection(SolutionItems) = preProject
		Observer Pattern.md = Observer Pattern.md
	EndProjectSection
EndProject
Project("{FAE04EC0-301F-11D3-BF4B-00C04F79EFBC}") = "Observer Pattern", "Observer Pattern\Observer Pattern.csproj", "{9DE348CC-93E1-463C-A43B-C251F19B4F1D}"
EndProject
Global
	GlobalSection(SolutionConfigurationPlatforms) = preSolution
		Debug|Any CPU = Debug|Any CPU
		Release|Any CPU = Release|Any CPU
	EndGlobalSection
	GlobalSection(ProjectConfigurationPlatforms) = postSolution
		{C1B1CD97-BA54-4A70-9ABD-BF88B1B0C757}.Debug|Any CPU.ActiveCfg = Debug|Any CPU
		{C1B1CD97-BA54-4A70-9ABD-BF88B1B0C757}.Debug|Any CPU.Build.0 = Debug|Any CPU
		{C1B1CD97-BA54-4A70-9ABD-BF88B1B0C757}.Release|Any CPU.ActiveCfg = Release|Any CPU
		{C1B1CD97-BA54-4A70-9ABD-BF88B1B0C757}.Release|Any CPU.Build.0 = Release|Any CPU
		{9DE348CC-93E1-463C-A43B-C251F19B4F1D}.Debug|Any CPU.ActiveCfg = Debug|Any CPU
		{9DE348CC-93E1-463C-A43B-C251F19B4F1D}.Debug|Any CPU.Build.0 = Debug|Any CPU
		{9DE348CC-93E1-463C-A43B-C251F19B4F1D}.Release|Any CPU.ActiveCfg = Release|Any CPU
		{9DE348CC-93E1-463C-A43B-C251F19B4F1D}.Release|Any CPU.Build.0 = Release|Any CPU
	EndGlobalSection
	GlobalSection(SolutionProperties) = preSolution
		HideSolutionNode = FALSE
	EndGlobalSection
	GlobalSection(NestedProjects) = preSolution
		{60C13972-F0C8-497E-BC14-FF1206D55F9D} = {E7845655-514B-4541-B7CD-73F76C83382A}
		{C1B1CD97-BA54-4A70-9ABD-BF88B1B0C757} = {60C13972-F0C8-497E-BC14-FF1206D55F9D}
		{B6349092-5558-4587-A84F-68A44AAF0327} = {E7845655-514B-4541-B7CD-73F76C83382A}
		{9DE348CC-93E1-463C-A43B-C251F19B4F1D} = {B6349092-5558-4587-A84F-68A44AAF0327}
	EndGlobalSection
	GlobalSection(ExtensibilityGlobals) = postSolution
		SolutionGuid = {EF0C64A7-54BC-4D25-80F3-0126C34C3859}
	EndGlobalSection
EndGlobal
