
Microsoft Visual Studio Solution File, Format Version 12.00
# Visual Studio Version 17
VisualStudioVersion = 17.0.31903.59
MinimumVisualStudioVersion = 10.0.40219.1
Project("{2150E333-8FDC-42A3-9474-1A3956D46DE8}") = "Design Patterns", "Design Patterns", "{E7845655-514B-4541-B7CD-73F76C83382A}"
	ProjectSection(SolutionItems) = preProject
		Design Pattern.md = Design Pattern.md
	EndProjectSection
EndProject
Project("{2150E333-8FDC-42A3-9474-1A3956D46DE8}") = "Strategy Pattern", "Strategy Pattern", "{60C13972-F0C8-497E-BC14-FF1206D55F9D}"
EndProject
Project("{9A19103F-16F7-4668-BE54-9A1E7A4F7556}") = "Strategy Pattern", "Strategy Pattern\Strategy Pattern.csproj", "{C1B1CD97-BA54-4A70-9ABD-BF88B1B0C757}"
EndProject
Project("{2150E333-8FDC-42A3-9474-1A3956D46DE8}") = "Observer Pattern", "Observer Pattern", "{B6349092-5558-4587-A84F-68A44AAF0327}"
EndProject
Project("{9A19103F-16F7-4668-BE54-9A1E7A4F7556}") = "Observer Pattern", "Observer Pattern\Observer Pattern.csproj", "{9DE348CC-93E1-463C-A43B-C251F19B4F1D}"
EndProject
Project("{2150E333-8FDC-42A3-9474-1A3956D46DE8}") = "Decorator Pattern", "Decorator Pattern", "{F5BC2A9D-F6ED-4AB8-8646-1836AFED4E6F}"
EndProject
Project("{2150E333-8FDC-42A3-9474-1A3956D46DE8}") = "Composite Pattern", "Composite Pattern", "{2A13344B-0F10-41BE-9E00-9F101CB9133C}"
EndProject
Project("{2150E333-8FDC-42A3-9474-1A3956D46DE8}") = "CQRS and Mediator Pattern", "CQRS and Mediator Pattern", "{7F20B370-6528-416B-A0C1-EB9C7778B246}"
EndProject
Project("{9A19103F-16F7-4668-BE54-9A1E7A4F7556}") = "Composite Pattern", "Composite Pattern\Composite Pattern.csproj", "{2513B3B8-D6A7-4E5E-967F-7D6831E2FE33}"
EndProject
Project("{9A19103F-16F7-4668-BE54-9A1E7A4F7556}") = "Decorator Pattern", "Decorator Pattern\Decorator Pattern.csproj", "{C5365B49-0D17-4672-877F-A7810B6F22C1}"
EndProject
Project("{2150E333-8FDC-42A3-9474-1A3956D46DE8}") = "Chain Of Responsibility Pattern", "Chain Of Responsibility Pattern", "{4454883A-B438-4995-A887-9533D7F5BEE8}"
EndProject
Project("{9A19103F-16F7-4668-BE54-9A1E7A4F7556}") = "Chain Of Responsibility Pattern", "Chain Of Responsibility Pattern\Chain Of Responsibility Pattern.csproj", "{512BA6BC-C908-4DD5-9934-0D91C9DE9765}"
EndProject
Project("{2150E333-8FDC-42A3-9474-1A3956D46DE8}") = "Facade Pattern", "Facade Pattern", "{0DBD5A85-0C0C-427C-A7A7-2672DAE7AF8B}"
EndProject
Project("{9A19103F-16F7-4668-BE54-9A1E7A4F7556}") = "Facade Pattern", "Facade Pattern\Facade Pattern.csproj", "{84B3805A-AC7D-4783-BB85-D56C9036CB32}"
EndProject
Project("{2150E333-8FDC-42A3-9474-1A3956D46DE8}") = "Singleton Pattern", "Singleton Pattern", "{E89AD2D6-7C96-4DC1-A47B-E10BAF5AAC46}"
	ProjectSection(SolutionItems) = preProject
		Singleton Pattern.md = Singleton Pattern.md
	EndProjectSection
EndProject
Project("{2150E333-8FDC-42A3-9474-1A3956D46DE8}") = "Adapter Pattern", "Adapter Pattern", "{4CC7A9B9-63EB-4A00-8EEF-61B542757878}"
EndProject
Project("{2150E333-8FDC-42A3-9474-1A3956D46DE8}") = "Builder Pattern", "Builder Pattern", "{4B108D66-5D88-4148-A2BD-08CFCD086C6A}"
EndProject
Project("{2150E333-8FDC-42A3-9474-1A3956D46DE8}") = "Factory Method Pattern", "Factory Method Pattern", "{E6CD85A1-C006-4835-8F13-D33F31C274AC}"
EndProject
Project("{2150E333-8FDC-42A3-9474-1A3956D46DE8}") = "Abstract Factory Pattern", "Abstract Factory Pattern", "{67963189-DDDF-40BE-9A78-A96F2CB726F4}"
EndProject
Project("{9A19103F-16F7-4668-BE54-9A1E7A4F7556}") = "Builder Pattern", "Builder Pattern\Builder Pattern.csproj", "{B5461104-3465-4D18-AD76-BB0461F43A71}"
EndProject
Project("{9A19103F-16F7-4668-BE54-9A1E7A4F7556}") = "Singleton Pattern", "Singleton Pattern\Singleton Pattern.csproj", "{35CA8D8E-F7D9-411B-9FE6-DC0853D79F07}"
EndProject
Project("{9A19103F-16F7-4668-BE54-9A1E7A4F7556}") = "CQRS with MediaTR", "CQRS with MediaTR\CQRS with MediaTR.csproj", "{BE2B0F2D-A7AC-462F-A03D-F206A7675158}"
EndProject
Project("{9A19103F-16F7-4668-BE54-9A1E7A4F7556}") = "Adapter Pattern", "Adapter Pattern\Adapter Pattern.csproj", "{1318C272-987A-4B59-99CC-33315DFE44D7}"
EndProject
Project("{2150E333-8FDC-42A3-9474-1A3956D46DE8}") = "Command Pattern", "Command Pattern", "{593DF75C-4B1B-4BAC-8992-5E67B323FDCB}"
EndProject
Project("{9A19103F-16F7-4668-BE54-9A1E7A4F7556}") = "Command Pattern", "Command Pattern\Command Pattern.csproj", "{2DED0D45-5B3A-4C20-AA43-4AFD886B8ED3}"
EndProject
Project("{2150E333-8FDC-42A3-9474-1A3956D46DE8}") = "LLD Problems", "LLD Problems", "{0AFD1BA2-ABEA-4AFC-92E7-2C52C7B233C8}"
EndProject
Project("{FAE04EC0-301F-11D3-BF4B-00C04F79EFBC}") = "Amazon Locker", "LLD Problems\Amazon Locker\Amazon Locker.csproj", "{A7A7637D-DD34-421F-8FA4-B801F8FC66F6}"
EndProject
Global
	GlobalSection(SolutionConfigurationPlatforms) = preSolution
		Debug|Any CPU = Debug|Any CPU
		Release|Any CPU = Release|Any CPU
	EndGlobalSection
	GlobalSection(ProjectConfigurationPlatforms) = postSolution
		{C1B1CD97-BA54-4A70-9ABD-BF88B1B0C757}.Debug|Any CPU.ActiveCfg = Debug|Any CPU
		{C1B1CD97-BA54-4A70-9ABD-BF88B1B0C757}.Debug|Any CPU.Build.0 = Debug|Any CPU
		{C1B1CD97-BA54-4A70-9ABD-BF88B1B0C757}.Release|Any CPU.ActiveCfg = Release|Any CPU
		{C1B1CD97-BA54-4A70-9ABD-BF88B1B0C757}.Release|Any CPU.Build.0 = Release|Any CPU
		{9DE348CC-93E1-463C-A43B-C251F19B4F1D}.Debug|Any CPU.ActiveCfg = Debug|Any CPU
		{9DE348CC-93E1-463C-A43B-C251F19B4F1D}.Debug|Any CPU.Build.0 = Debug|Any CPU
		{9DE348CC-93E1-463C-A43B-C251F19B4F1D}.Release|Any CPU.ActiveCfg = Release|Any CPU
		{9DE348CC-93E1-463C-A43B-C251F19B4F1D}.Release|Any CPU.Build.0 = Release|Any CPU
		{2513B3B8-D6A7-4E5E-967F-7D6831E2FE33}.Debug|Any CPU.ActiveCfg = Debug|Any CPU
		{2513B3B8-D6A7-4E5E-967F-7D6831E2FE33}.Debug|Any CPU.Build.0 = Debug|Any CPU
		{2513B3B8-D6A7-4E5E-967F-7D6831E2FE33}.Release|Any CPU.ActiveCfg = Release|Any CPU
		{2513B3B8-D6A7-4E5E-967F-7D6831E2FE33}.Release|Any CPU.Build.0 = Release|Any CPU
		{C5365B49-0D17-4672-877F-A7810B6F22C1}.Debug|Any CPU.ActiveCfg = Debug|Any CPU
		{C5365B49-0D17-4672-877F-A7810B6F22C1}.Debug|Any CPU.Build.0 = Debug|Any CPU
		{C5365B49-0D17-4672-877F-A7810B6F22C1}.Release|Any CPU.ActiveCfg = Release|Any CPU
		{C5365B49-0D17-4672-877F-A7810B6F22C1}.Release|Any CPU.Build.0 = Release|Any CPU
		{512BA6BC-C908-4DD5-9934-0D91C9DE9765}.Debug|Any CPU.ActiveCfg = Debug|Any CPU
		{512BA6BC-C908-4DD5-9934-0D91C9DE9765}.Debug|Any CPU.Build.0 = Debug|Any CPU
		{512BA6BC-C908-4DD5-9934-0D91C9DE9765}.Release|Any CPU.ActiveCfg = Release|Any CPU
		{512BA6BC-C908-4DD5-9934-0D91C9DE9765}.Release|Any CPU.Build.0 = Release|Any CPU
		{84B3805A-AC7D-4783-BB85-D56C9036CB32}.Debug|Any CPU.ActiveCfg = Debug|Any CPU
		{84B3805A-AC7D-4783-BB85-D56C9036CB32}.Debug|Any CPU.Build.0 = Debug|Any CPU
		{84B3805A-AC7D-4783-BB85-D56C9036CB32}.Release|Any CPU.ActiveCfg = Release|Any CPU
		{84B3805A-AC7D-4783-BB85-D56C9036CB32}.Release|Any CPU.Build.0 = Release|Any CPU
		{B5461104-3465-4D18-AD76-BB0461F43A71}.Debug|Any CPU.ActiveCfg = Debug|Any CPU
		{B5461104-3465-4D18-AD76-BB0461F43A71}.Debug|Any CPU.Build.0 = Debug|Any CPU
		{B5461104-3465-4D18-AD76-BB0461F43A71}.Release|Any CPU.ActiveCfg = Release|Any CPU
		{B5461104-3465-4D18-AD76-BB0461F43A71}.Release|Any CPU.Build.0 = Release|Any CPU
		{35CA8D8E-F7D9-411B-9FE6-DC0853D79F07}.Debug|Any CPU.ActiveCfg = Debug|Any CPU
		{35CA8D8E-F7D9-411B-9FE6-DC0853D79F07}.Debug|Any CPU.Build.0 = Debug|Any CPU
		{35CA8D8E-F7D9-411B-9FE6-DC0853D79F07}.Release|Any CPU.ActiveCfg = Release|Any CPU
		{35CA8D8E-F7D9-411B-9FE6-DC0853D79F07}.Release|Any CPU.Build.0 = Release|Any CPU
		{BE2B0F2D-A7AC-462F-A03D-F206A7675158}.Debug|Any CPU.ActiveCfg = Debug|Any CPU
		{BE2B0F2D-A7AC-462F-A03D-F206A7675158}.Debug|Any CPU.Build.0 = Debug|Any CPU
		{BE2B0F2D-A7AC-462F-A03D-F206A7675158}.Release|Any CPU.ActiveCfg = Release|Any CPU
		{BE2B0F2D-A7AC-462F-A03D-F206A7675158}.Release|Any CPU.Build.0 = Release|Any CPU
		{1318C272-987A-4B59-99CC-33315DFE44D7}.Debug|Any CPU.ActiveCfg = Debug|Any CPU
		{1318C272-987A-4B59-99CC-33315DFE44D7}.Debug|Any CPU.Build.0 = Debug|Any CPU
		{1318C272-987A-4B59-99CC-33315DFE44D7}.Release|Any CPU.ActiveCfg = Release|Any CPU
		{1318C272-987A-4B59-99CC-33315DFE44D7}.Release|Any CPU.Build.0 = Release|Any CPU
		{2DED0D45-5B3A-4C20-AA43-4AFD886B8ED3}.Debug|Any CPU.ActiveCfg = Debug|Any CPU
		{2DED0D45-5B3A-4C20-AA43-4AFD886B8ED3}.Debug|Any CPU.Build.0 = Debug|Any CPU
		{2DED0D45-5B3A-4C20-AA43-4AFD886B8ED3}.Release|Any CPU.ActiveCfg = Release|Any CPU
		{2DED0D45-5B3A-4C20-AA43-4AFD886B8ED3}.Release|Any CPU.Build.0 = Release|Any CPU
		{A7A7637D-DD34-421F-8FA4-B801F8FC66F6}.Debug|Any CPU.ActiveCfg = Debug|Any CPU
		{A7A7637D-DD34-421F-8FA4-B801F8FC66F6}.Debug|Any CPU.Build.0 = Debug|Any CPU
		{A7A7637D-DD34-421F-8FA4-B801F8FC66F6}.Release|Any CPU.ActiveCfg = Release|Any CPU
		{A7A7637D-DD34-421F-8FA4-B801F8FC66F6}.Release|Any CPU.Build.0 = Release|Any CPU
	EndGlobalSection
	GlobalSection(SolutionProperties) = preSolution
		HideSolutionNode = FALSE
	EndGlobalSection
	GlobalSection(NestedProjects) = preSolution
		{60C13972-F0C8-497E-BC14-FF1206D55F9D} = {E7845655-514B-4541-B7CD-73F76C83382A}
		{C1B1CD97-BA54-4A70-9ABD-BF88B1B0C757} = {60C13972-F0C8-497E-BC14-FF1206D55F9D}
		{B6349092-5558-4587-A84F-68A44AAF0327} = {E7845655-514B-4541-B7CD-73F76C83382A}
		{9DE348CC-93E1-463C-A43B-C251F19B4F1D} = {B6349092-5558-4587-A84F-68A44AAF0327}
		{F5BC2A9D-F6ED-4AB8-8646-1836AFED4E6F} = {E7845655-514B-4541-B7CD-73F76C83382A}
		{2A13344B-0F10-41BE-9E00-9F101CB9133C} = {E7845655-514B-4541-B7CD-73F76C83382A}
		{7F20B370-6528-416B-A0C1-EB9C7778B246} = {E7845655-514B-4541-B7CD-73F76C83382A}
		{2513B3B8-D6A7-4E5E-967F-7D6831E2FE33} = {2A13344B-0F10-41BE-9E00-9F101CB9133C}
		{C5365B49-0D17-4672-877F-A7810B6F22C1} = {F5BC2A9D-F6ED-4AB8-8646-1836AFED4E6F}
		{4454883A-B438-4995-A887-9533D7F5BEE8} = {E7845655-514B-4541-B7CD-73F76C83382A}
		{512BA6BC-C908-4DD5-9934-0D91C9DE9765} = {4454883A-B438-4995-A887-9533D7F5BEE8}
		{0DBD5A85-0C0C-427C-A7A7-2672DAE7AF8B} = {E7845655-514B-4541-B7CD-73F76C83382A}
		{84B3805A-AC7D-4783-BB85-D56C9036CB32} = {0DBD5A85-0C0C-427C-A7A7-2672DAE7AF8B}
		{E89AD2D6-7C96-4DC1-A47B-E10BAF5AAC46} = {E7845655-514B-4541-B7CD-73F76C83382A}
		{4CC7A9B9-63EB-4A00-8EEF-61B542757878} = {E7845655-514B-4541-B7CD-73F76C83382A}
		{4B108D66-5D88-4148-A2BD-08CFCD086C6A} = {E7845655-514B-4541-B7CD-73F76C83382A}
		{E6CD85A1-C006-4835-8F13-D33F31C274AC} = {E7845655-514B-4541-B7CD-73F76C83382A}
		{67963189-DDDF-40BE-9A78-A96F2CB726F4} = {E7845655-514B-4541-B7CD-73F76C83382A}
		{B5461104-3465-4D18-AD76-BB0461F43A71} = {4B108D66-5D88-4148-A2BD-08CFCD086C6A}
		{35CA8D8E-F7D9-411B-9FE6-DC0853D79F07} = {E89AD2D6-7C96-4DC1-A47B-E10BAF5AAC46}
		{BE2B0F2D-A7AC-462F-A03D-F206A7675158} = {7F20B370-6528-416B-A0C1-EB9C7778B246}
		{1318C272-987A-4B59-99CC-33315DFE44D7} = {4CC7A9B9-63EB-4A00-8EEF-61B542757878}
		{593DF75C-4B1B-4BAC-8992-5E67B323FDCB} = {E7845655-514B-4541-B7CD-73F76C83382A}
		{2DED0D45-5B3A-4C20-AA43-4AFD886B8ED3} = {593DF75C-4B1B-4BAC-8992-5E67B323FDCB}
		{A7A7637D-DD34-421F-8FA4-B801F8FC66F6} = {0AFD1BA2-ABEA-4AFC-92E7-2C52C7B233C8}
	EndGlobalSection
	GlobalSection(ExtensibilityGlobals) = postSolution
		SolutionGuid = {EF0C64A7-54BC-4D25-80F3-0126C34C3859}
	EndGlobalSection
EndGlobal
